github.com/davecgh/go-spew v1.1.2-0.20180830191138-d8f796af33cc h1:U9qPSI2PIWSS1VwoXQT9A3Wy9MM3WgvqSxFWenqJduM=
github.com/davecgh/go-spew v1.1.2-0.20180830191138-d8f796af33cc/go.mod h1:J7Y8YcW2NihsgmVo/mv3lAwl/skON4iLHjSsI+c5H38=
github.com/golang-jwt/jwt/v5 v5.2.1 h1:OuVbFODueb089Lh128TAcimifWaLhJwVflnrgM17wHk=
github.com/golang-jwt/jwt/v5 v5.2.1/go.mod h1:pqrtFR0X4osieyHYxtmOUWsAWrfe1Q5UVIyoH402zdk=
github.com/google/uuid v1.6.0 h1:NIvaJDMOsjHA8n1jAhLSgzrAzy1Hgr+hNrb57e+94F0=
github.com/google/uuid v1.6.0/go.mod h1:TIyPZe4MgqvfeYDBFedMoGGpEw/LqOeaOT+nhxU+yHo=
github.com/tinh-tinh/tinhtinh v0.0.38 h1:zZlDWkum72pgkp/wEQ6onSvC60nap8jJCSukDl2vwh8=
github.com/tinh-tinh/tinhtinh v0.0.38/go.mod h1:JP7gOoGSO2VBuvgpq4p7cMcPplMeQSlIBRY+n6PgPOU=
go.mongodb.org/mongo-driver v1.16.1 h1:rIVLL3q0IHM39dvE+z2ulZLp9ENZKThVfuvN/IiN4l8=
go.mongodb.org/mongo-driver v1.16.1/go.mod h1:oB6AhJQvFQL4LEHyXi6aJzQJtBiTQHiAd83l0GdFaiw=
